// !$*UTF8*$!
{
	archiveVersion = 1;
	classes = {
	};
	objectVersion = 46;
	objects = {

/* Begin PBXBuildFile section */
		28C87B431D026E5D004A1FD3 /* AppDelegate.swift in Sources */ = {isa = PBXBuildFile; fileRef = 28C87B421D026E5D004A1FD3 /* AppDelegate.swift */; };
		28C87B451D026E5D004A1FD3 /* ViewController.swift in Sources */ = {isa = PBXBuildFile; fileRef = 28C87B441D026E5D004A1FD3 /* ViewController.swift */; };
		28C87B481D026E5D004A1FD3 /* Main.storyboard in Resources */ = {isa = PBXBuildFile; fileRef = 28C87B461D026E5D004A1FD3 /* Main.storyboard */; };
		28C87B4A1D026E5D004A1FD3 /* Assets.xcassets in Resources */ = {isa = PBXBuildFile; fileRef = 28C87B491D026E5D004A1FD3 /* Assets.xcassets */; };
		28C87B4D1D026E5D004A1FD3 /* LaunchScreen.storyboard in Resources */ = {isa = PBXBuildFile; fileRef = 28C87B4B1D026E5D004A1FD3 /* LaunchScreen.storyboard */; };
/* End PBXBuildFile section */

/* Begin PBXFileReference section */
		28C87B3F1D026E5D004A1FD3 /* InteractiveStory.app */ = {isa = PBXFileReference; explicitFileType = wrapper.application; includeInIndex = 0; path = InteractiveStory.app; sourceTree = BUILT_PRODUCTS_DIR; };
		28C87B421D026E5D004A1FD3 /* AppDelegate.swift */ = {isa = PBXFileReference; lastKnownFileType = sourcecode.swift; path = AppDelegate.swift; sourceTree = "<group>"; };
		28C87B441D026E5D004A1FD3 /* ViewController.swift */ = {isa = PBXFileReference; lastKnownFileType = sourcecode.swift; path = ViewController.swift; sourceTree = "<group>"; };
		28C87B471D026E5D004A1FD3 /* Base */ = {isa = PBXFileReference; lastKnownFileType = file.storyboard; name = Base; path = Base.lproj/Main.storyboard; sourceTree = "<group>"; };
		28C87B491D026E5D004A1FD3 /* Assets.xcassets */ = {isa = PBXFileReference; lastKnownFileType = folder.assetcatalog; path = Assets.xcassets; sourceTree = "<group>"; };
		28C87B4C1D026E5D004A1FD3 /* Base */ = {isa = PBXFileReference; lastKnownFileType = file.storyboard; name = Base; path = Base.lproj/LaunchScreen.storyboard; sourceTree = "<group>"; };
		28C87B4E1D026E5D004A1FD3 /* Info.plist */ = {isa = PBXFileReference; lastKnownFileType = text.plist.xml; path = Info.plist; sourceTree = "<group>"; };
/* End PBXFileReference section */

/* Begin PBXFrameworksBuildPhase section */
		28C87B3C1D026E5D004A1FD3 /* Frameworks */ = {
			isa = PBXFrameworksBuildPhase;
			buildActionMask = 2147483647;
			files = (
			);
			runOnlyForDeploymentPostprocessing = 0;
		};
/* End PBXFrameworksBuildPhase section */

/* Begin PBXGroup section */
		28C87B361D026E5D004A1FD3 = {
			isa = PBXGroup;
			children = (
				28C87B411D026E5D004A1FD3 /* InteractiveStory */,
				28C87B401D026E5D004A1FD3 /* Products */,
			);
			sourceTree = "<group>";
		};
		28C87B401D026E5D004A1FD3 /* Products */ = {
			isa = PBXGroup;
			children = (
				28C87B3F1D026E5D004A1FD3 /* InteractiveStory.app */,
			);
			name = Products;
			sourceTree = "<group>";
		};
		28C87B411D026E5D004A1FD3 /* InteractiveStory */ = {
			isa = PBXGroup;
			children = (
				28C87B421D026E5D004A1FD3 /* AppDelegate.swift */,
				28C87B441D026E5D004A1FD3 /* ViewController.swift */,
				28C87B461D026E5D004A1FD3 /* Main.storyboard */,
				28C87B491D026E5D004A1FD3 /* Assets.xcassets */,
				28C87B4B1D026E5D004A1FD3 /* LaunchScreen.storyboard */,
				28C87B4E1D026E5D004A1FD3 /* Info.plist */,
			);
			path = InteractiveStory;
			sourceTree = "<group>";
		};
/* End PBXGroup section */

/* Begin PBXNativeTarget section */
		28C87B3E1D026E5D004A1FD3 /* InteractiveStory */ = {
			isa = PBXNativeTarget;
			buildConfigurationList = 28C87B511D026E5D004A1FD3 /* Build configuration list for PBXNativeTarget "InteractiveStory" */;
			buildPhases = (
				28C87B3B1D026E5D004A1FD3 /* Sources */,
				28C87B3C1D026E5D004A1FD3 /* Frameworks */,
				28C87B3D1D026E5D004A1FD3 /* Resources */,
			);
			buildRules = (
			);
			dependencies = (
			);
			name = InteractiveStory;
			productName = InteractiveStory;
			productReference = 28C87B3F1D026E5D004A1FD3 /* InteractiveStory.app */;
			productType = "com.apple.product-type.application";
		};
/* End PBXNativeTarget section */

/* Begin PBXProject section */
		28C87B371D026E5D004A1FD3 /* Project object */ = {
			isa = PBXProject;
			attributes = {
				LastSwiftUpdateCheck = 0720;
				LastUpgradeCheck = 0720;
				ORGANIZATIONNAME = "Freedom Electric";
				TargetAttributes = {
					28C87B3E1D026E5D004A1FD3 = {
						CreatedOnToolsVersion = 7.2.1;
					};
				};
			};
			buildConfigurationList = 28C87B3A1D026E5D004A1FD3 /* Build configuration list for PBXProject "InteractiveStory" */;
			compatibilityVersion = "Xcode 3.2";
			developmentRegion = English;
			hasScannedForEncodings = 0;
			knownRegions = (
				en,
				Base,
			);
			mainGroup = 28C87B361D026E5D004A1FD3;
			productRefGroup = 28C87B401D026E5D004A1FD3 /* Products */;
			projectDirPath = "";
			projectRoot = "";
			targets = (
				28C87B3E1D026E5D004A1FD3 /* InteractiveStory */,
			);
		};
/* End PBXProject section */

/* Begin PBXResourcesBuildPhase section */
		28C87B3D1D026E5D004A1FD3 /* Resources */ = {
			isa = PBXResourcesBuildPhase;
			buildActionMask = 2147483647;
			files = (
				28C87B4D1D026E5D004A1FD3 /* LaunchScreen.storyboard in Resources */,
				28C87B4A1D026E5D004A1FD3 /* Assets.xcassets in Resources */,
				28C87B481D026E5D004A1FD3 /* Main.storyboard in Resources */,
			);
			runOnlyForDeploymentPostprocessing = 0;
		};
/* End PBXResourcesBuildPhase section */

/* Begin PBXSourcesBuildPhase section */
		28C87B3B1D026E5D004A1FD3 /* Sources */ = {
			isa = PBXSourcesBuildPhase;
			buildActionMask = 2147483647;
			files = (
				28C87B451D026E5D004A1FD3 /* ViewController.swift in Sources */,
				28C87B431D026E5D004A1FD3 /* AppDelegate.swift in Sources */,
			);
			runOnlyForDeploymentPostprocessing = 0;
		};
/* End PBXSourcesBuildPhase section */

/* Begin PBXVariantGroup section */
		28C87B461D026E5D004A1FD3 /* Main.storyboard */ = {
			isa = PBXVariantGroup;
			children = (
				28C87B471D026E5D004A1FD3 /* Base */,
			);
			name = Main.storyboard;
			sourceTree = "<group>";
		};
		28C87B4B1D026E5D004A1FD3 /* LaunchScreen.storyboard */ = {
			isa = PBXVariantGroup;
			children = (
				28C87B4C1D026E5D004A1FD3 /* Base */,
			);
			name = LaunchScreen.storyboard;
			sourceTree = "<group>";
		};
/* End PBXVariantGroup section */

/* Begin XCBuildConfiguration section */
		28C87B4F1D026E5D004A1FD3 /* Debug */ = {
			isa = XCBuildConfiguration;
			buildSettings = {
				ALWAYS_SEARCH_USER_PATHS = NO;
				CLANG_CXX_LANGUAGE_STANDARD = "gnu++0x";
				CLANG_CXX_LIBRARY = "libc++";
				CLANG_ENABLE_MODULES = YES;
				CLANG_ENABLE_OBJC_ARC = YES;
				CLANG_WARN_BOOL_CONVERSION = YES;
				CLANG_WARN_CONSTANT_CONVERSION = YES;
				CLANG_WARN_DIRECT_OBJC_ISA_USAGE = YES_ERROR;
				CLANG_WARN_EMPTY_BODY = YES;
				CLANG_WARN_ENUM_CONVERSION = YES;
				CLANG_WARN_INT_CONVERSION = YES;
				CLANG_WARN_OBJC_ROOT_CLASS = YES_ERROR;
				CLANG_WARN_UNREACHABLE_CODE = YES;
				CLANG_WARN__DUPLICATE_METHOD_MATCH = YES;
				"CODE_SIGN_IDENTITY[sdk=iphoneos*]" = "iPhone Developer";
				COPY_PHASE_STRIP = NO;
				DEBUG_INFORMATION_FORMAT = dwarf;
				ENABLE_STRICT_OBJC_MSGSEND = YES;
				ENABLE_TESTABILITY = YES;
				GCC_C_LANGUAGE_STANDARD = gnu99;
				GCC_DYNAMIC_NO_PIC = NO;
				GCC_NO_COMMON_BLOCKS = YES;
				GCC_OPTIMIZATION_LEVEL = 0;
				GCC_PREPROCESSOR_DEFINITIONS = (
					"DEBUG=1",
					"$(inherited)",
				);
				GCC_WARN_64_TO_32_BIT_CONVERSION = YES;
				GCC_WARN_ABOUT_RETURN_TYPE = YES_ERROR;
				GCC_WARN_UNDECLARED_SELECTOR = YES;
				GCC_WARN_UNINITIALIZED_AUTOS = YES_AGGRESSIVE;
				GCC_WARN_UNUSED_FUNCTION = YES;
				GCC_WARN_UNUSED_VARIABLE = YES;
				IPHONEOS_DEPLOYMENT_TARGET = 9.2;
				MTL_ENABLE_DEBUG_INFO = YES;
				ONLY_ACTIVE_ARCH = YES;
				SDKROOT = iphoneos;
				SWIFT_OPTIMIZATION_LEVEL = "-Onone";
			};
			name = Debug;
		};
		28C87B501D026E5D004A1FD3 /* Release */ = {
			isa = XCBuildConfiguration;
			buildSettings = {
				ALWAYS_SEARCH_USER_PATHS = NO;
				CLANG_CXX_LANGUAGE_STANDARD = "gnu++0x";
				CLANG_CXX_LIBRARY = "libc++";
				CLANG_ENABLE_MODULES = YES;
				CLANG_ENABLE_OBJC_ARC = YES;
				CLANG_WARN_BOOL_CONVERSION = YES;
				CLANG_WARN_CONSTANT_CONVERSION = YES;
				CLANG_WARN_DIRECT_OBJC_ISA_USAGE = YES_ERROR;
				CLANG_WARN_EMPTY_BODY = YES;
				CLANG_WARN_ENUM_CONVERSION = YES;
				CLANG_WARN_INT_CONVERSION = YES;
				CLANG_WARN_OBJC_ROOT_CLASS = YES_ERROR;
				CLANG_WARN_UNREACHABLE_CODE = YES;
				CLANG_WARN__DUPLICATE_METHOD_MATCH = YES;
				"CODE_SIGN_IDENTITY[sdk=iphoneos*]" = "iPhone Developer";
				COPY_PHASE_STRIP = NO;
				DEBUG_INFORMATION_FORMAT = "dwarf-with-dsym";
				ENABLE_NS_ASSERTIONS = NO;
				ENABLE_STRICT_OBJC_MSGSEND = YES;
				GCC_C_LANGUAGE_STANDARD = gnu99;
				GCC_NO_COMMON_BLOCKS = YES;
				GCC_WARN_64_TO_32_BIT_CONVERSION = YES;
				GCC_WARN_ABOUT_RETURN_TYPE = YES_ERROR;
				GCC_WARN_UNDECLARED_SELECTOR = YES;
				GCC_WARN_UNINITIALIZED_AUTOS = YES_AGGRESSIVE;
				GCC_WARN_UNUSED_FUNCTION = YES;
				GCC_WARN_UNUSED_VARIABLE = YES;
				IPHONEOS_DEPLOYMENT_TARGET = 9.2;
				MTL_ENABLE_DEBUG_INFO = NO;
				SDKROOT = iphoneos;
				VALIDATE_PRODUCT = YES;
			};
			name = Release;
		};
		28C87B521D026E5D004A1FD3 /* Debug */ = {
			isa = XCBuildConfiguration;
			buildSettings = {
				ASSETCATALOG_COMPILER_APPICON_NAME = AppIcon;
				INFOPLIST_FILE = InteractiveStory/Info.plist;
				LD_RUNPATH_SEARCH_PATHS = "$(inherited) @executable_path/Frameworks";
				PRODUCT_BUNDLE_IDENTIFIER = FE.InteractiveStory;
				PRODUCT_NAME = "$(TARGET_NAME)";
			};
			name = Debug;
		};
		28C87B531D026E5D004A1FD3 /* Release */ = {
			isa = XCBuildConfiguration;
			buildSettings = {
				ASSETCATALOG_COMPILER_APPICON_NAME = AppIcon;
				INFOPLIST_FILE = InteractiveStory/Info.plist;
				LD_RUNPATH_SEARCH_PATHS = "$(inherited) @executable_path/Frameworks";
				PRODUCT_BUNDLE_IDENTIFIER = FE.InteractiveStory;
				PRODUCT_NAME = "$(TARGET_NAME)";
			};
			name = Release;
		};
/* End XCBuildConfiguration section */

/* Begin XCConfigurationList section */
		28C87B3A1D026E5D004A1FD3 /* Build configuration list for PBXProject "InteractiveStory" */ = {
			isa = XCConfigurationList;
			buildConfigurations = (
				28C87B4F1D026E5D004A1FD3 /* Debug */,
				28C87B501D026E5D004A1FD3 /* Release */,
			);
			defaultConfigurationIsVisible = 0;
			defaultConfigurationName = Release;
		};
		28C87B511D026E5D004A1FD3 /* Build configuration list for PBXNativeTarget "InteractiveStory" */ = {
			isa = XCConfigurationList;
			buildConfigurations = (
				28C87B521D026E5D004A1FD3 /* Debug */,
				28C87B531D026E5D004A1FD3 /* Release */,
			);
			defaultConfigurationIsVisible = 0;
		};
/* End XCConfigurationList section */
	};
	rootObject = 28C87B371D026E5D004A1FD3 /* Project object */;
}
